
Microsoft Visual Studio Solution File, Format Version 12.00
# Visual Studio 15
VisualStudioVersion = 15.0.27428.2011
MinimumVisualStudioVersion = 10.0.40219.1
Project("{FAE04EC0-301F-11D3-BF4B-00C04F79EFBC}") = "PiDataReciever", "PiDataReciever\PiDataReciever.csproj", "{26E2FC97-3E32-4039-84F9-6DD7BAC123B6}"
EndProject
Global
	GlobalSection(SolutionConfigurationPlatforms) = preSolution
		Debug|Any CPU = Debug|Any CPU
		Release|Any CPU = Release|Any CPU
	EndGlobalSection
	GlobalSection(ProjectConfigurationPlatforms) = postSolution
		{26E2FC97-3E32-4039-84F9-6DD7BAC123B6}.Debug|Any CPU.ActiveCfg = Debug|Any CPU
		{26E2FC97-3E32-4039-84F9-6DD7BAC123B6}.Debug|Any CPU.Build.0 = Debug|Any CPU
		{26E2FC97-3E32-4039-84F9-6DD7BAC123B6}.Release|Any CPU.ActiveCfg = Release|Any CPU
		{26E2FC97-3E32-4039-84F9-6DD7BAC123B6}.Release|Any CPU.Build.0 = Release|Any CPU
	EndGlobalSection
	GlobalSection(SolutionProperties) = preSolution
		HideSolutionNode = FALSE
	EndGlobalSection
	GlobalSection(ExtensibilityGlobals) = postSolution
		SolutionGuid = {13817F97-44E9-4532-8FF1-163CD542E2A3}
	EndGlobalSection
EndGlobal
